// !$*UTF8*$!
{
	archiveVersion = 1;
	classes = {
	};
	objectVersion = 51;
	objects = {

/* Begin PBXBuildFile section */
		34421F1DD817C15A88AF55E6 /* Pods_Connect.framework in Frameworks */ = {isa = PBXBuildFile; fileRef = 4B173F78F74314AF648EE242 /* Pods_Connect.framework */; };
		387E57E32436B014008CF705 /* GoogleService-Info.plist in Resources */ = {isa = PBXBuildFile; fileRef = 387E57E22436B014008CF705 /* GoogleService-Info.plist */; };
		387E57E42436B0D8008CF705 /* GoogleService-Info.plist in Resources */ = {isa = PBXBuildFile; fileRef = 387E57E22436B014008CF705 /* GoogleService-Info.plist */; };
		387E57E52436B0D8008CF705 /* GoogleService-Info.plist in Resources */ = {isa = PBXBuildFile; fileRef = 387E57E22436B014008CF705 /* GoogleService-Info.plist */; };
		38E589E4243FEC26000074DC /* EditProfileViewController.swift in Sources */ = {isa = PBXBuildFile; fileRef = 38E589E3243FEC26000074DC /* EditProfileViewController.swift */; };
		86E584472444F5D3002E4BEC /* ProfileViewController.swift in Sources */ = {isa = PBXBuildFile; fileRef = 86E584462444F5D3002E4BEC /* ProfileViewController.swift */; };
		86E5844B244684E6002E4BEC /* RelationshipsViewController.swift in Sources */ = {isa = PBXBuildFile; fileRef = 86E5844A244684E6002E4BEC /* RelationshipsViewController.swift */; };
		86E5844F24470FD9002E4BEC /* Constants.swift in Sources */ = {isa = PBXBuildFile; fileRef = 86E5844E24470FD9002E4BEC /* Constants.swift */; };
		86E584552447A3B6002E4BEC /* LoginViewController.swift in Sources */ = {isa = PBXBuildFile; fileRef = 86E584542447A3B6002E4BEC /* LoginViewController.swift */; };
		86E584592447A56A002E4BEC /* RegisterViewController.swift in Sources */ = {isa = PBXBuildFile; fileRef = 86E584582447A56A002E4BEC /* RegisterViewController.swift */; };
		86E5845B2447B681002E4BEC /* SettingsViewController.swift in Sources */ = {isa = PBXBuildFile; fileRef = 86E5845A2447B681002E4BEC /* SettingsViewController.swift */; };
		86E5845D2447D7D0002E4BEC /* RelationshipTableViewCell.swift in Sources */ = {isa = PBXBuildFile; fileRef = 86E5845C2447D7D0002E4BEC /* RelationshipTableViewCell.swift */; };
		9324D03E684B362A5299BE42 /* Pods_Connect_ConnectUITests.framework in Frameworks */ = {isa = PBXBuildFile; fileRef = 368F5214BFED4615F842E38F /* Pods_Connect_ConnectUITests.framework */; };
		C9A753E92447C28B00A9F3DE /* NearbyViewController.swift in Sources */ = {isa = PBXBuildFile; fileRef = C9A753E82447C28B00A9F3DE /* NearbyViewController.swift */; };
		C9A753ED2447FE3200A9F3DE /* CustomTabBarViewController.swift in Sources */ = {isa = PBXBuildFile; fileRef = C9A753EC2447FE3200A9F3DE /* CustomTabBarViewController.swift */; };
		C9A753EF2448034A00A9F3DE /* CustomTabBar.swift in Sources */ = {isa = PBXBuildFile; fileRef = C9A753EE2448034A00A9F3DE /* CustomTabBar.swift */; };
		C9C28C6A2445041A00AB0911 /* ConnectionsViewController.swift in Sources */ = {isa = PBXBuildFile; fileRef = C9C28C692445041A00AB0911 /* ConnectionsViewController.swift */; };
		C9C28C6C2445043500AB0911 /* ConnectionTableViewCell.swift in Sources */ = {isa = PBXBuildFile; fileRef = C9C28C6B2445043500AB0911 /* ConnectionTableViewCell.swift */; };
		C9C28C7224450DA200AB0911 /* Conversation.storyboard in Resources */ = {isa = PBXBuildFile; fileRef = C9C28C7124450DA200AB0911 /* Conversation.storyboard */; };
		C9C28C7424450DD800AB0911 /* Messaging.storyboard in Resources */ = {isa = PBXBuildFile; fileRef = C9C28C7324450DD800AB0911 /* Messaging.storyboard */; };
		C9C28C7624450DF200AB0911 /* MessagingTableViewCell.swift in Sources */ = {isa = PBXBuildFile; fileRef = C9C28C7524450DF200AB0911 /* MessagingTableViewCell.swift */; };
		C9C28C7824450E0D00AB0911 /* MessagingViewController.swift in Sources */ = {isa = PBXBuildFile; fileRef = C9C28C7724450E0D00AB0911 /* MessagingViewController.swift */; };
		C9EEBFD5243FC6D5005EA785 /* RequestsViewController.swift in Sources */ = {isa = PBXBuildFile; fileRef = C9EEBFD4243FC6D5005EA785 /* RequestsViewController.swift */; };
		C9EEBFD8244049BB005EA785 /* PendingConnectionTableViewCell.swift in Sources */ = {isa = PBXBuildFile; fileRef = C9EEBFD7244049BB005EA785 /* PendingConnectionTableViewCell.swift */; };
		C9EEBFDA244049CB005EA785 /* PendingRelationshipTableViewCell.swift in Sources */ = {isa = PBXBuildFile; fileRef = C9EEBFD9244049CB005EA785 /* PendingRelationshipTableViewCell.swift */; };
		C9EEBFDE2440EDD7005EA785 /* MutualConnectionTableViewCell.swift in Sources */ = {isa = PBXBuildFile; fileRef = C9EEBFDD2440EDD7005EA785 /* MutualConnectionTableViewCell.swift */; };
		C9EEBFE224415EB0005EA785 /* ImportContactsViewController.swift in Sources */ = {isa = PBXBuildFile; fileRef = C9EEBFE124415EB0005EA785 /* ImportContactsViewController.swift */; };
		C9EEBFE6244173E4005EA785 /* ContactTableViewCell.swift in Sources */ = {isa = PBXBuildFile; fileRef = C9EEBFE5244173E4005EA785 /* ContactTableViewCell.swift */; };
		C9EEBFEE244178AB005EA785 /* MutualConnectionTableViewCell.xib in Resources */ = {isa = PBXBuildFile; fileRef = C9EEBFED244178AB005EA785 /* MutualConnectionTableViewCell.xib */; };
		D65376FC241C0A7600E283E2 /* AppDelegate.swift in Sources */ = {isa = PBXBuildFile; fileRef = D65376FB241C0A7600E283E2 /* AppDelegate.swift */; };
		D65376FE241C0A7600E283E2 /* SceneDelegate.swift in Sources */ = {isa = PBXBuildFile; fileRef = D65376FD241C0A7600E283E2 /* SceneDelegate.swift */; };
		D6537700241C0A7600E283E2 /* ViewController.swift in Sources */ = {isa = PBXBuildFile; fileRef = D65376FF241C0A7600E283E2 /* ViewController.swift */; };
		D6537703241C0A7600E283E2 /* Main.storyboard in Resources */ = {isa = PBXBuildFile; fileRef = D6537701241C0A7600E283E2 /* Main.storyboard */; };
		D6537706241C0A7600E283E2 /* Connect.xcdatamodeld in Sources */ = {isa = PBXBuildFile; fileRef = D6537704241C0A7600E283E2 /* Connect.xcdatamodeld */; };
		D6537708241C0A7700E283E2 /* Assets.xcassets in Resources */ = {isa = PBXBuildFile; fileRef = D6537707241C0A7700E283E2 /* Assets.xcassets */; };
		D653770B241C0A7700E283E2 /* LaunchScreen.storyboard in Resources */ = {isa = PBXBuildFile; fileRef = D6537709241C0A7700E283E2 /* LaunchScreen.storyboard */; };
		D6537716241C0A7700E283E2 /* ConnectTests.swift in Sources */ = {isa = PBXBuildFile; fileRef = D6537715241C0A7700E283E2 /* ConnectTests.swift */; };
		D6537721241C0A7700E283E2 /* ConnectUITests.swift in Sources */ = {isa = PBXBuildFile; fileRef = D6537720241C0A7700E283E2 /* ConnectUITests.swift */; };
		D6537730241C0E0200E283E2 /* Login.storyboard in Resources */ = {isa = PBXBuildFile; fileRef = D653772F241C0E0200E283E2 /* Login.storyboard */; };
		D6537732241C108A00E283E2 /* EditProfile.storyboard in Resources */ = {isa = PBXBuildFile; fileRef = D6537731241C108A00E283E2 /* EditProfile.storyboard */; };
		D6537734241C109A00E283E2 /* ImportContacts.storyboard in Resources */ = {isa = PBXBuildFile; fileRef = D6537733241C109A00E283E2 /* ImportContacts.storyboard */; };
		D6537736241C10AF00E283E2 /* Profile.storyboard in Resources */ = {isa = PBXBuildFile; fileRef = D6537735241C10AF00E283E2 /* Profile.storyboard */; };
		D6537738241C11A100E283E2 /* Settings.storyboard in Resources */ = {isa = PBXBuildFile; fileRef = D6537737241C11A100E283E2 /* Settings.storyboard */; };
		D653773A241C11B600E283E2 /* Relationships.storyboard in Resources */ = {isa = PBXBuildFile; fileRef = D6537739241C11B600E283E2 /* Relationships.storyboard */; };
		D653773C241C11CF00E283E2 /* Requests.storyboard in Resources */ = {isa = PBXBuildFile; fileRef = D653773B241C11CF00E283E2 /* Requests.storyboard */; };
		D653773E241C11E000E283E2 /* Connections.storyboard in Resources */ = {isa = PBXBuildFile; fileRef = D653773D241C11E000E283E2 /* Connections.storyboard */; };
		D6537740241C11F400E283E2 /* Nearby.storyboard in Resources */ = {isa = PBXBuildFile; fileRef = D653773F241C11F400E283E2 /* Nearby.storyboard */; };
		E058559D6AB12D6DBAE123B5 /* Pods_ConnectTests.framework in Frameworks */ = {isa = PBXBuildFile; fileRef = 92B0BD9F5626BDC2924939E9 /* Pods_ConnectTests.framework */; };
/* End PBXBuildFile section */

/* Begin PBXContainerItemProxy section */
		D6537712241C0A7700E283E2 /* PBXContainerItemProxy */ = {
			isa = PBXContainerItemProxy;
			containerPortal = D65376F0241C0A7600E283E2 /* Project object */;
			proxyType = 1;
			remoteGlobalIDString = D65376F7241C0A7600E283E2;
			remoteInfo = Connect;
		};
		D653771D241C0A7700E283E2 /* PBXContainerItemProxy */ = {
			isa = PBXContainerItemProxy;
			containerPortal = D65376F0241C0A7600E283E2 /* Project object */;
			proxyType = 1;
			remoteGlobalIDString = D65376F7241C0A7600E283E2;
			remoteInfo = Connect;
		};
/* End PBXContainerItemProxy section */

/* Begin PBXFileReference section */
		368F5214BFED4615F842E38F /* Pods_Connect_ConnectUITests.framework */ = {isa = PBXFileReference; explicitFileType = wrapper.framework; includeInIndex = 0; path = Pods_Connect_ConnectUITests.framework; sourceTree = BUILT_PRODUCTS_DIR; };
		387E57E22436B014008CF705 /* GoogleService-Info.plist */ = {isa = PBXFileReference; fileEncoding = 4; lastKnownFileType = text.plist.xml; path = "GoogleService-Info.plist"; sourceTree = "<group>"; };
		38E589E3243FEC26000074DC /* EditProfileViewController.swift */ = {isa = PBXFileReference; lastKnownFileType = sourcecode.swift; path = EditProfileViewController.swift; sourceTree = "<group>"; };
		4B173F78F74314AF648EE242 /* Pods_Connect.framework */ = {isa = PBXFileReference; explicitFileType = wrapper.framework; includeInIndex = 0; path = Pods_Connect.framework; sourceTree = BUILT_PRODUCTS_DIR; };
		5FC0949F8A9D80511B5D1CEC /* Pods-Connect-ConnectUITests.debug.xcconfig */ = {isa = PBXFileReference; includeInIndex = 1; lastKnownFileType = text.xcconfig; name = "Pods-Connect-ConnectUITests.debug.xcconfig"; path = "Target Support Files/Pods-Connect-ConnectUITests/Pods-Connect-ConnectUITests.debug.xcconfig"; sourceTree = "<group>"; };
		66FAC9E124CFD99F5EE82BEF /* Pods-Connect-ConnectUITests.release.xcconfig */ = {isa = PBXFileReference; includeInIndex = 1; lastKnownFileType = text.xcconfig; name = "Pods-Connect-ConnectUITests.release.xcconfig"; path = "Target Support Files/Pods-Connect-ConnectUITests/Pods-Connect-ConnectUITests.release.xcconfig"; sourceTree = "<group>"; };
		86E584462444F5D3002E4BEC /* ProfileViewController.swift */ = {isa = PBXFileReference; lastKnownFileType = sourcecode.swift; path = ProfileViewController.swift; sourceTree = "<group>"; };
		86E5844A244684E6002E4BEC /* RelationshipsViewController.swift */ = {isa = PBXFileReference; lastKnownFileType = sourcecode.swift; path = RelationshipsViewController.swift; sourceTree = "<group>"; };
		86E5844E24470FD9002E4BEC /* Constants.swift */ = {isa = PBXFileReference; lastKnownFileType = sourcecode.swift; path = Constants.swift; sourceTree = "<group>"; };
		86E584542447A3B6002E4BEC /* LoginViewController.swift */ = {isa = PBXFileReference; lastKnownFileType = sourcecode.swift; path = LoginViewController.swift; sourceTree = "<group>"; };
		86E584582447A56A002E4BEC /* RegisterViewController.swift */ = {isa = PBXFileReference; lastKnownFileType = sourcecode.swift; path = RegisterViewController.swift; sourceTree = "<group>"; };
		86E5845A2447B681002E4BEC /* SettingsViewController.swift */ = {isa = PBXFileReference; lastKnownFileType = sourcecode.swift; path = SettingsViewController.swift; sourceTree = "<group>"; };
		86E5845C2447D7D0002E4BEC /* RelationshipTableViewCell.swift */ = {isa = PBXFileReference; lastKnownFileType = sourcecode.swift; path = RelationshipTableViewCell.swift; sourceTree = "<group>"; };
		87BA50E7D805DA360A26E5D6 /* Pods-ConnectTests.release.xcconfig */ = {isa = PBXFileReference; includeInIndex = 1; lastKnownFileType = text.xcconfig; name = "Pods-ConnectTests.release.xcconfig"; path = "Target Support Files/Pods-ConnectTests/Pods-ConnectTests.release.xcconfig"; sourceTree = "<group>"; };
		92B0BD9F5626BDC2924939E9 /* Pods_ConnectTests.framework */ = {isa = PBXFileReference; explicitFileType = wrapper.framework; includeInIndex = 0; path = Pods_ConnectTests.framework; sourceTree = BUILT_PRODUCTS_DIR; };
		A351EA6DE87A041797DE8EAF /* Pods-Connect.debug.xcconfig */ = {isa = PBXFileReference; includeInIndex = 1; lastKnownFileType = text.xcconfig; name = "Pods-Connect.debug.xcconfig"; path = "Target Support Files/Pods-Connect/Pods-Connect.debug.xcconfig"; sourceTree = "<group>"; };
		B4BE1D2FE8A4C52539B38F35 /* Pods-Connect.release.xcconfig */ = {isa = PBXFileReference; includeInIndex = 1; lastKnownFileType = text.xcconfig; name = "Pods-Connect.release.xcconfig"; path = "Target Support Files/Pods-Connect/Pods-Connect.release.xcconfig"; sourceTree = "<group>"; };
		C9A753E82447C28B00A9F3DE /* NearbyViewController.swift */ = {isa = PBXFileReference; lastKnownFileType = sourcecode.swift; path = NearbyViewController.swift; sourceTree = "<group>"; };
		C9A753EC2447FE3200A9F3DE /* CustomTabBarViewController.swift */ = {isa = PBXFileReference; lastKnownFileType = sourcecode.swift; path = CustomTabBarViewController.swift; sourceTree = "<group>"; };
		C9A753EE2448034A00A9F3DE /* CustomTabBar.swift */ = {isa = PBXFileReference; lastKnownFileType = sourcecode.swift; path = CustomTabBar.swift; sourceTree = "<group>"; };
		C9C28C692445041A00AB0911 /* ConnectionsViewController.swift */ = {isa = PBXFileReference; lastKnownFileType = sourcecode.swift; path = ConnectionsViewController.swift; sourceTree = "<group>"; };
		C9C28C6B2445043500AB0911 /* ConnectionTableViewCell.swift */ = {isa = PBXFileReference; lastKnownFileType = sourcecode.swift; path = ConnectionTableViewCell.swift; sourceTree = "<group>"; };
		C9C28C7124450DA200AB0911 /* Conversation.storyboard */ = {isa = PBXFileReference; lastKnownFileType = file.storyboard; path = Conversation.storyboard; sourceTree = "<group>"; };
		C9C28C7324450DD800AB0911 /* Messaging.storyboard */ = {isa = PBXFileReference; lastKnownFileType = file.storyboard; path = Messaging.storyboard; sourceTree = "<group>"; };
		C9C28C7524450DF200AB0911 /* MessagingTableViewCell.swift */ = {isa = PBXFileReference; lastKnownFileType = sourcecode.swift; path = MessagingTableViewCell.swift; sourceTree = "<group>"; };
		C9C28C7724450E0D00AB0911 /* MessagingViewController.swift */ = {isa = PBXFileReference; lastKnownFileType = sourcecode.swift; path = MessagingViewController.swift; sourceTree = "<group>"; };
		C9EEBFD4243FC6D5005EA785 /* RequestsViewController.swift */ = {isa = PBXFileReference; lastKnownFileType = sourcecode.swift; path = RequestsViewController.swift; sourceTree = "<group>"; };
		C9EEBFD7244049BB005EA785 /* PendingConnectionTableViewCell.swift */ = {isa = PBXFileReference; lastKnownFileType = sourcecode.swift; path = PendingConnectionTableViewCell.swift; sourceTree = "<group>"; };
		C9EEBFD9244049CB005EA785 /* PendingRelationshipTableViewCell.swift */ = {isa = PBXFileReference; lastKnownFileType = sourcecode.swift; path = PendingRelationshipTableViewCell.swift; sourceTree = "<group>"; };
		C9EEBFDD2440EDD7005EA785 /* MutualConnectionTableViewCell.swift */ = {isa = PBXFileReference; lastKnownFileType = sourcecode.swift; path = MutualConnectionTableViewCell.swift; sourceTree = "<group>"; };
		C9EEBFE124415EB0005EA785 /* ImportContactsViewController.swift */ = {isa = PBXFileReference; lastKnownFileType = sourcecode.swift; path = ImportContactsViewController.swift; sourceTree = "<group>"; };
		C9EEBFE5244173E4005EA785 /* ContactTableViewCell.swift */ = {isa = PBXFileReference; lastKnownFileType = sourcecode.swift; path = ContactTableViewCell.swift; sourceTree = "<group>"; };
		C9EEBFED244178AB005EA785 /* MutualConnectionTableViewCell.xib */ = {isa = PBXFileReference; lastKnownFileType = file.xib; path = MutualConnectionTableViewCell.xib; sourceTree = "<group>"; };
		CD8CC6FFBD4A36C1C7D611F4 /* Pods-ConnectTests.debug.xcconfig */ = {isa = PBXFileReference; includeInIndex = 1; lastKnownFileType = text.xcconfig; name = "Pods-ConnectTests.debug.xcconfig"; path = "Target Support Files/Pods-ConnectTests/Pods-ConnectTests.debug.xcconfig"; sourceTree = "<group>"; };
		D65376F8241C0A7600E283E2 /* Connect.app */ = {isa = PBXFileReference; explicitFileType = wrapper.application; includeInIndex = 0; path = Connect.app; sourceTree = BUILT_PRODUCTS_DIR; };
		D65376FB241C0A7600E283E2 /* AppDelegate.swift */ = {isa = PBXFileReference; lastKnownFileType = sourcecode.swift; path = AppDelegate.swift; sourceTree = "<group>"; };
		D65376FD241C0A7600E283E2 /* SceneDelegate.swift */ = {isa = PBXFileReference; lastKnownFileType = sourcecode.swift; path = SceneDelegate.swift; sourceTree = "<group>"; };
		D65376FF241C0A7600E283E2 /* ViewController.swift */ = {isa = PBXFileReference; lastKnownFileType = sourcecode.swift; path = ViewController.swift; sourceTree = "<group>"; };
		D6537702241C0A7600E283E2 /* Base */ = {isa = PBXFileReference; lastKnownFileType = file.storyboard; name = Base; path = Base.lproj/Main.storyboard; sourceTree = "<group>"; };
		D6537705241C0A7600E283E2 /* Connect.xcdatamodel */ = {isa = PBXFileReference; lastKnownFileType = wrapper.xcdatamodel; path = Connect.xcdatamodel; sourceTree = "<group>"; };
		D6537707241C0A7700E283E2 /* Assets.xcassets */ = {isa = PBXFileReference; lastKnownFileType = folder.assetcatalog; path = Assets.xcassets; sourceTree = "<group>"; };
		D653770A241C0A7700E283E2 /* Base */ = {isa = PBXFileReference; lastKnownFileType = file.storyboard; name = Base; path = Base.lproj/LaunchScreen.storyboard; sourceTree = "<group>"; };
		D653770C241C0A7700E283E2 /* Info.plist */ = {isa = PBXFileReference; lastKnownFileType = text.plist.xml; path = Info.plist; sourceTree = "<group>"; };
		D6537711241C0A7700E283E2 /* ConnectTests.xctest */ = {isa = PBXFileReference; explicitFileType = wrapper.cfbundle; includeInIndex = 0; path = ConnectTests.xctest; sourceTree = BUILT_PRODUCTS_DIR; };
		D6537715241C0A7700E283E2 /* ConnectTests.swift */ = {isa = PBXFileReference; lastKnownFileType = sourcecode.swift; path = ConnectTests.swift; sourceTree = "<group>"; };
		D6537717241C0A7700E283E2 /* Info.plist */ = {isa = PBXFileReference; lastKnownFileType = text.plist.xml; path = Info.plist; sourceTree = "<group>"; };
		D653771C241C0A7700E283E2 /* ConnectUITests.xctest */ = {isa = PBXFileReference; explicitFileType = wrapper.cfbundle; includeInIndex = 0; path = ConnectUITests.xctest; sourceTree = BUILT_PRODUCTS_DIR; };
		D6537720241C0A7700E283E2 /* ConnectUITests.swift */ = {isa = PBXFileReference; lastKnownFileType = sourcecode.swift; path = ConnectUITests.swift; sourceTree = "<group>"; };
		D6537722241C0A7700E283E2 /* Info.plist */ = {isa = PBXFileReference; lastKnownFileType = text.plist.xml; path = Info.plist; sourceTree = "<group>"; };
		D653772F241C0E0200E283E2 /* Login.storyboard */ = {isa = PBXFileReference; lastKnownFileType = file.storyboard; path = Login.storyboard; sourceTree = "<group>"; };
		D6537731241C108A00E283E2 /* EditProfile.storyboard */ = {isa = PBXFileReference; lastKnownFileType = file.storyboard; path = EditProfile.storyboard; sourceTree = "<group>"; };
		D6537733241C109A00E283E2 /* ImportContacts.storyboard */ = {isa = PBXFileReference; lastKnownFileType = file.storyboard; path = ImportContacts.storyboard; sourceTree = "<group>"; };
		D6537735241C10AF00E283E2 /* Profile.storyboard */ = {isa = PBXFileReference; lastKnownFileType = file.storyboard; path = Profile.storyboard; sourceTree = "<group>"; };
		D6537737241C11A100E283E2 /* Settings.storyboard */ = {isa = PBXFileReference; lastKnownFileType = file.storyboard; path = Settings.storyboard; sourceTree = "<group>"; };
		D6537739241C11B600E283E2 /* Relationships.storyboard */ = {isa = PBXFileReference; lastKnownFileType = file.storyboard; path = Relationships.storyboard; sourceTree = "<group>"; };
		D653773B241C11CF00E283E2 /* Requests.storyboard */ = {isa = PBXFileReference; lastKnownFileType = file.storyboard; path = Requests.storyboard; sourceTree = "<group>"; };
		D653773D241C11E000E283E2 /* Connections.storyboard */ = {isa = PBXFileReference; lastKnownFileType = file.storyboard; path = Connections.storyboard; sourceTree = "<group>"; };
		D653773F241C11F400E283E2 /* Nearby.storyboard */ = {isa = PBXFileReference; lastKnownFileType = file.storyboard; path = Nearby.storyboard; sourceTree = "<group>"; };
/* End PBXFileReference section */

/* Begin PBXFrameworksBuildPhase section */
		D65376F5241C0A7600E283E2 /* Frameworks */ = {
			isa = PBXFrameworksBuildPhase;
			buildActionMask = 2147483647;
			files = (
				34421F1DD817C15A88AF55E6 /* Pods_Connect.framework in Frameworks */,
			);
			runOnlyForDeploymentPostprocessing = 0;
		};
		D653770E241C0A7700E283E2 /* Frameworks */ = {
			isa = PBXFrameworksBuildPhase;
			buildActionMask = 2147483647;
			files = (
				E058559D6AB12D6DBAE123B5 /* Pods_ConnectTests.framework in Frameworks */,
			);
			runOnlyForDeploymentPostprocessing = 0;
		};
		D6537719241C0A7700E283E2 /* Frameworks */ = {
			isa = PBXFrameworksBuildPhase;
			buildActionMask = 2147483647;
			files = (
				9324D03E684B362A5299BE42 /* Pods_Connect_ConnectUITests.framework in Frameworks */,
			);
			runOnlyForDeploymentPostprocessing = 0;
		};
/* End PBXFrameworksBuildPhase section */

/* Begin PBXGroup section */
		5F539CDD158BC120D9244850 /* Pods */ = {
			isa = PBXGroup;
			children = (
				A351EA6DE87A041797DE8EAF /* Pods-Connect.debug.xcconfig */,
				B4BE1D2FE8A4C52539B38F35 /* Pods-Connect.release.xcconfig */,
				5FC0949F8A9D80511B5D1CEC /* Pods-Connect-ConnectUITests.debug.xcconfig */,
				66FAC9E124CFD99F5EE82BEF /* Pods-Connect-ConnectUITests.release.xcconfig */,
				CD8CC6FFBD4A36C1C7D611F4 /* Pods-ConnectTests.debug.xcconfig */,
				87BA50E7D805DA360A26E5D6 /* Pods-ConnectTests.release.xcconfig */,
			);
			path = Pods;
			sourceTree = "<group>";
		};
		C9EEBFD6243FD06A005EA785 /* Custom Cells */ = {
			isa = PBXGroup;
			children = (
				C9EEBFD7244049BB005EA785 /* PendingConnectionTableViewCell.swift */,
				C9EEBFD9244049CB005EA785 /* PendingRelationshipTableViewCell.swift */,
				C9EEBFDD2440EDD7005EA785 /* MutualConnectionTableViewCell.swift */,
				C9EEBFED244178AB005EA785 /* MutualConnectionTableViewCell.xib */,
				C9EEBFE5244173E4005EA785 /* ContactTableViewCell.swift */,
				C9C28C6B2445043500AB0911 /* ConnectionTableViewCell.swift */,
				C9C28C7524450DF200AB0911 /* MessagingTableViewCell.swift */,
				86E5845C2447D7D0002E4BEC /* RelationshipTableViewCell.swift */,
			);
			path = "Custom Cells";
			sourceTree = "<group>";
		};
		D0C880A89B11517F9A493F83 /* Frameworks */ = {
			isa = PBXGroup;
			children = (
				4B173F78F74314AF648EE242 /* Pods_Connect.framework */,
				368F5214BFED4615F842E38F /* Pods_Connect_ConnectUITests.framework */,
				92B0BD9F5626BDC2924939E9 /* Pods_ConnectTests.framework */,
			);
			name = Frameworks;
			sourceTree = "<group>";
		};
		D65376EF241C0A7600E283E2 = {
			isa = PBXGroup;
			children = (
				D65376FA241C0A7600E283E2 /* Connect */,
				D6537714241C0A7700E283E2 /* ConnectTests */,
				D653771F241C0A7700E283E2 /* ConnectUITests */,
				D65376F9241C0A7600E283E2 /* Products */,
				5F539CDD158BC120D9244850 /* Pods */,
				D0C880A89B11517F9A493F83 /* Frameworks */,
			);
			sourceTree = "<group>";
		};
		D65376F9241C0A7600E283E2 /* Products */ = {
			isa = PBXGroup;
			children = (
				D65376F8241C0A7600E283E2 /* Connect.app */,
				D6537711241C0A7700E283E2 /* ConnectTests.xctest */,
				D653771C241C0A7700E283E2 /* ConnectUITests.xctest */,
			);
			name = Products;
			sourceTree = "<group>";
		};
		D65376FA241C0A7600E283E2 /* Connect */ = {
			isa = PBXGroup;
			children = (
				D653772E241C0C4C00E283E2 /* Storyboards */,
				C9EEBFD6243FD06A005EA785 /* Custom Cells */,
				D65376FB241C0A7600E283E2 /* AppDelegate.swift */,
				D65376FD241C0A7600E283E2 /* SceneDelegate.swift */,
				D65376FF241C0A7600E283E2 /* ViewController.swift */,
				C9C28C692445041A00AB0911 /* ConnectionsViewController.swift */,
				86E5844E24470FD9002E4BEC /* Constants.swift */,
				C9A753EE2448034A00A9F3DE /* CustomTabBar.swift */,
				C9A753EC2447FE3200A9F3DE /* CustomTabBarViewController.swift */,
				38E589E3243FEC26000074DC /* EditProfileViewController.swift */,
				C9EEBFE124415EB0005EA785 /* ImportContactsViewController.swift */,
				86E584542447A3B6002E4BEC /* LoginViewController.swift */,
				C9C28C7724450E0D00AB0911 /* MessagingViewController.swift */,
				C9A753E82447C28B00A9F3DE /* NearbyViewController.swift */,
				86E584462444F5D3002E4BEC /* ProfileViewController.swift */,
				86E584582447A56A002E4BEC /* RegisterViewController.swift */,
				86E5844A244684E6002E4BEC /* RelationshipsViewController.swift */,
				C9EEBFD4243FC6D5005EA785 /* RequestsViewController.swift */,
				86E5845A2447B681002E4BEC /* SettingsViewController.swift */,
				D6537707241C0A7700E283E2 /* Assets.xcassets */,
				D6537709241C0A7700E283E2 /* LaunchScreen.storyboard */,
				D653770C241C0A7700E283E2 /* Info.plist */,
				D6537704241C0A7600E283E2 /* Connect.xcdatamodeld */,
				387E57E22436B014008CF705 /* GoogleService-Info.plist */,
			);
			path = Connect;
			sourceTree = "<group>";
		};
		D6537714241C0A7700E283E2 /* ConnectTests */ = {
			isa = PBXGroup;
			children = (
				D6537715241C0A7700E283E2 /* ConnectTests.swift */,
				D6537717241C0A7700E283E2 /* Info.plist */,
			);
			path = ConnectTests;
			sourceTree = "<group>";
		};
		D653771F241C0A7700E283E2 /* ConnectUITests */ = {
			isa = PBXGroup;
			children = (
				D6537720241C0A7700E283E2 /* ConnectUITests.swift */,
				D6537722241C0A7700E283E2 /* Info.plist */,
			);
			path = ConnectUITests;
			sourceTree = "<group>";
		};
		D653772E241C0C4C00E283E2 /* Storyboards */ = {
			isa = PBXGroup;
			children = (
				D6537701241C0A7600E283E2 /* Main.storyboard */,
				D653772F241C0E0200E283E2 /* Login.storyboard */,
				D6537731241C108A00E283E2 /* EditProfile.storyboard */,
				D6537733241C109A00E283E2 /* ImportContacts.storyboard */,
				D6537735241C10AF00E283E2 /* Profile.storyboard */,
				D6537737241C11A100E283E2 /* Settings.storyboard */,
				D6537739241C11B600E283E2 /* Relationships.storyboard */,
				D653773B241C11CF00E283E2 /* Requests.storyboard */,
				D653773D241C11E000E283E2 /* Connections.storyboard */,
				D653773F241C11F400E283E2 /* Nearby.storyboard */,
				C9C28C7124450DA200AB0911 /* Conversation.storyboard */,
				C9C28C7324450DD800AB0911 /* Messaging.storyboard */,
			);
			path = Storyboards;
			sourceTree = "<group>";
		};
/* End PBXGroup section */

/* Begin PBXNativeTarget section */
		D65376F7241C0A7600E283E2 /* Connect */ = {
			isa = PBXNativeTarget;
			buildConfigurationList = D6537725241C0A7700E283E2 /* Build configuration list for PBXNativeTarget "Connect" */;
			buildPhases = (
				63CE54EC482D00A3BB68F01A /* [CP] Check Pods Manifest.lock */,
				D65376F4241C0A7600E283E2 /* Sources */,
				D65376F5241C0A7600E283E2 /* Frameworks */,
				D65376F6241C0A7600E283E2 /* Resources */,
				8892B8D31A09845009BEDC57 /* [CP] Embed Pods Frameworks */,
			);
			buildRules = (
			);
			dependencies = (
			);
			name = Connect;
			productName = Connect;
			productReference = D65376F8241C0A7600E283E2 /* Connect.app */;
			productType = "com.apple.product-type.application";
		};
		D6537710241C0A7700E283E2 /* ConnectTests */ = {
			isa = PBXNativeTarget;
			buildConfigurationList = D6537728241C0A7700E283E2 /* Build configuration list for PBXNativeTarget "ConnectTests" */;
			buildPhases = (
				C02795307DCF289779BF67E2 /* [CP] Check Pods Manifest.lock */,
				D653770D241C0A7700E283E2 /* Sources */,
				D653770E241C0A7700E283E2 /* Frameworks */,
				D653770F241C0A7700E283E2 /* Resources */,
			);
			buildRules = (
			);
			dependencies = (
				D6537713241C0A7700E283E2 /* PBXTargetDependency */,
			);
			name = ConnectTests;
			productName = ConnectTests;
			productReference = D6537711241C0A7700E283E2 /* ConnectTests.xctest */;
			productType = "com.apple.product-type.bundle.unit-test";
		};
		D653771B241C0A7700E283E2 /* ConnectUITests */ = {
			isa = PBXNativeTarget;
			buildConfigurationList = D653772B241C0A7700E283E2 /* Build configuration list for PBXNativeTarget "ConnectUITests" */;
			buildPhases = (
				9555311F580C44EDF4993DAA /* [CP] Check Pods Manifest.lock */,
				D6537718241C0A7700E283E2 /* Sources */,
				D6537719241C0A7700E283E2 /* Frameworks */,
				D653771A241C0A7700E283E2 /* Resources */,
				AD0A7750768C355B49BD75D2 /* [CP] Embed Pods Frameworks */,
			);
			buildRules = (
			);
			dependencies = (
				D653771E241C0A7700E283E2 /* PBXTargetDependency */,
			);
			name = ConnectUITests;
			productName = ConnectUITests;
			productReference = D653771C241C0A7700E283E2 /* ConnectUITests.xctest */;
			productType = "com.apple.product-type.bundle.ui-testing";
		};
/* End PBXNativeTarget section */

/* Begin PBXProject section */
		D65376F0241C0A7600E283E2 /* Project object */ = {
			isa = PBXProject;
			attributes = {
				LastSwiftUpdateCheck = 1130;
				LastUpgradeCheck = 1130;
				ORGANIZATIONNAME = "Nikhil Pandeti";
				TargetAttributes = {
					D65376F7241C0A7600E283E2 = {
						CreatedOnToolsVersion = 11.3;
					};
					D6537710241C0A7700E283E2 = {
						CreatedOnToolsVersion = 11.3;
						TestTargetID = D65376F7241C0A7600E283E2;
					};
					D653771B241C0A7700E283E2 = {
						CreatedOnToolsVersion = 11.3;
						TestTargetID = D65376F7241C0A7600E283E2;
					};
				};
			};
			buildConfigurationList = D65376F3241C0A7600E283E2 /* Build configuration list for PBXProject "Connect" */;
			compatibilityVersion = "Xcode 9.3";
			developmentRegion = en;
			hasScannedForEncodings = 0;
			knownRegions = (
				en,
				Base,
			);
			mainGroup = D65376EF241C0A7600E283E2;
			productRefGroup = D65376F9241C0A7600E283E2 /* Products */;
			projectDirPath = "";
			projectRoot = "";
			targets = (
				D65376F7241C0A7600E283E2 /* Connect */,
				D6537710241C0A7700E283E2 /* ConnectTests */,
				D653771B241C0A7700E283E2 /* ConnectUITests */,
			);
		};
/* End PBXProject section */

/* Begin PBXResourcesBuildPhase section */
		D65376F6241C0A7600E283E2 /* Resources */ = {
			isa = PBXResourcesBuildPhase;
			buildActionMask = 2147483647;
			files = (
				387E57E32436B014008CF705 /* GoogleService-Info.plist in Resources */,
				D6537730241C0E0200E283E2 /* Login.storyboard in Resources */,
				D6537732241C108A00E283E2 /* EditProfile.storyboard in Resources */,
				D6537734241C109A00E283E2 /* ImportContacts.storyboard in Resources */,
				D6537738241C11A100E283E2 /* Settings.storyboard in Resources */,
				C9EEBFEE244178AB005EA785 /* MutualConnectionTableViewCell.xib in Resources */,
				D653773E241C11E000E283E2 /* Connections.storyboard in Resources */,
				D6537740241C11F400E283E2 /* Nearby.storyboard in Resources */,
				C9C28C7224450DA200AB0911 /* Conversation.storyboard in Resources */,
				C9C28C7424450DD800AB0911 /* Messaging.storyboard in Resources */,
				D653773A241C11B600E283E2 /* Relationships.storyboard in Resources */,
				D653770B241C0A7700E283E2 /* LaunchScreen.storyboard in Resources */,
				D6537708241C0A7700E283E2 /* Assets.xcassets in Resources */,
				D6537736241C10AF00E283E2 /* Profile.storyboard in Resources */,
				D653773C241C11CF00E283E2 /* Requests.storyboard in Resources */,
				D6537703241C0A7600E283E2 /* Main.storyboard in Resources */,
			);
			runOnlyForDeploymentPostprocessing = 0;
		};
		D653770F241C0A7700E283E2 /* Resources */ = {
			isa = PBXResourcesBuildPhase;
			buildActionMask = 2147483647;
			files = (
				387E57E42436B0D8008CF705 /* GoogleService-Info.plist in Resources */,
			);
			runOnlyForDeploymentPostprocessing = 0;
		};
		D653771A241C0A7700E283E2 /* Resources */ = {
			isa = PBXResourcesBuildPhase;
			buildActionMask = 2147483647;
			files = (
				387E57E52436B0D8008CF705 /* GoogleService-Info.plist in Resources */,
			);
			runOnlyForDeploymentPostprocessing = 0;
		};
/* End PBXResourcesBuildPhase section */

/* Begin PBXShellScriptBuildPhase section */
		63CE54EC482D00A3BB68F01A /* [CP] Check Pods Manifest.lock */ = {
			isa = PBXShellScriptBuildPhase;
			buildActionMask = 2147483647;
			files = (
			);
			inputFileListPaths = (
			);
			inputPaths = (
				"${PODS_PODFILE_DIR_PATH}/Podfile.lock",
				"${PODS_ROOT}/Manifest.lock",
			);
			name = "[CP] Check Pods Manifest.lock";
			outputFileListPaths = (
			);
			outputPaths = (
				"$(DERIVED_FILE_DIR)/Pods-Connect-checkManifestLockResult.txt",
			);
			runOnlyForDeploymentPostprocessing = 0;
			shellPath = /bin/sh;
			shellScript = "diff \"${PODS_PODFILE_DIR_PATH}/Podfile.lock\" \"${PODS_ROOT}/Manifest.lock\" > /dev/null\nif [ $? != 0 ] ; then\n    # print error to STDERR\n    echo \"error: The sandbox is not in sync with the Podfile.lock. Run 'pod install' or update your CocoaPods installation.\" >&2\n    exit 1\nfi\n# This output is used by Xcode 'outputs' to avoid re-running this script phase.\necho \"SUCCESS\" > \"${SCRIPT_OUTPUT_FILE_0}\"\n";
			showEnvVarsInLog = 0;
		};
		8892B8D31A09845009BEDC57 /* [CP] Embed Pods Frameworks */ = {
			isa = PBXShellScriptBuildPhase;
			buildActionMask = 2147483647;
			files = (
			);
			inputFileListPaths = (
				"${PODS_ROOT}/Target Support Files/Pods-Connect/Pods-Connect-frameworks-${CONFIGURATION}-input-files.xcfilelist",
			);
			name = "[CP] Embed Pods Frameworks";
			outputFileListPaths = (
				"${PODS_ROOT}/Target Support Files/Pods-Connect/Pods-Connect-frameworks-${CONFIGURATION}-output-files.xcfilelist",
			);
			runOnlyForDeploymentPostprocessing = 0;
			shellPath = /bin/sh;
			shellScript = "\"${PODS_ROOT}/Target Support Files/Pods-Connect/Pods-Connect-frameworks.sh\"\n";
			showEnvVarsInLog = 0;
		};
		9555311F580C44EDF4993DAA /* [CP] Check Pods Manifest.lock */ = {
			isa = PBXShellScriptBuildPhase;
			buildActionMask = 2147483647;
			files = (
			);
			inputFileListPaths = (
			);
			inputPaths = (
				"${PODS_PODFILE_DIR_PATH}/Podfile.lock",
				"${PODS_ROOT}/Manifest.lock",
			);
			name = "[CP] Check Pods Manifest.lock";
			outputFileListPaths = (
			);
			outputPaths = (
				"$(DERIVED_FILE_DIR)/Pods-Connect-ConnectUITests-checkManifestLockResult.txt",
			);
			runOnlyForDeploymentPostprocessing = 0;
			shellPath = /bin/sh;
			shellScript = "diff \"${PODS_PODFILE_DIR_PATH}/Podfile.lock\" \"${PODS_ROOT}/Manifest.lock\" > /dev/null\nif [ $? != 0 ] ; then\n    # print error to STDERR\n    echo \"error: The sandbox is not in sync with the Podfile.lock. Run 'pod install' or update your CocoaPods installation.\" >&2\n    exit 1\nfi\n# This output is used by Xcode 'outputs' to avoid re-running this script phase.\necho \"SUCCESS\" > \"${SCRIPT_OUTPUT_FILE_0}\"\n";
			showEnvVarsInLog = 0;
		};
		AD0A7750768C355B49BD75D2 /* [CP] Embed Pods Frameworks */ = {
			isa = PBXShellScriptBuildPhase;
			buildActionMask = 2147483647;
			files = (
			);
			inputFileListPaths = (
				"${PODS_ROOT}/Target Support Files/Pods-Connect-ConnectUITests/Pods-Connect-ConnectUITests-frameworks-${CONFIGURATION}-input-files.xcfilelist",
			);
			name = "[CP] Embed Pods Frameworks";
			outputFileListPaths = (
				"${PODS_ROOT}/Target Support Files/Pods-Connect-ConnectUITests/Pods-Connect-ConnectUITests-frameworks-${CONFIGURATION}-output-files.xcfilelist",
			);
			runOnlyForDeploymentPostprocessing = 0;
			shellPath = /bin/sh;
			shellScript = "\"${PODS_ROOT}/Target Support Files/Pods-Connect-ConnectUITests/Pods-Connect-ConnectUITests-frameworks.sh\"\n";
			showEnvVarsInLog = 0;
		};
		C02795307DCF289779BF67E2 /* [CP] Check Pods Manifest.lock */ = {
			isa = PBXShellScriptBuildPhase;
			buildActionMask = 2147483647;
			files = (
			);
			inputFileListPaths = (
			);
			inputPaths = (
				"${PODS_PODFILE_DIR_PATH}/Podfile.lock",
				"${PODS_ROOT}/Manifest.lock",
			);
			name = "[CP] Check Pods Manifest.lock";
			outputFileListPaths = (
			);
			outputPaths = (
				"$(DERIVED_FILE_DIR)/Pods-ConnectTests-checkManifestLockResult.txt",
			);
			runOnlyForDeploymentPostprocessing = 0;
			shellPath = /bin/sh;
			shellScript = "diff \"${PODS_PODFILE_DIR_PATH}/Podfile.lock\" \"${PODS_ROOT}/Manifest.lock\" > /dev/null\nif [ $? != 0 ] ; then\n    # print error to STDERR\n    echo \"error: The sandbox is not in sync with the Podfile.lock. Run 'pod install' or update your CocoaPods installation.\" >&2\n    exit 1\nfi\n# This output is used by Xcode 'outputs' to avoid re-running this script phase.\necho \"SUCCESS\" > \"${SCRIPT_OUTPUT_FILE_0}\"\n";
			showEnvVarsInLog = 0;
		};
/* End PBXShellScriptBuildPhase section */

/* Begin PBXSourcesBuildPhase section */
		D65376F4241C0A7600E283E2 /* Sources */ = {
			isa = PBXSourcesBuildPhase;
			buildActionMask = 2147483647;
			files = (
				C9EEBFE224415EB0005EA785 /* ImportContactsViewController.swift in Sources */,
				86E5844F24470FD9002E4BEC /* Constants.swift in Sources */,
				C9A753E92447C28B00A9F3DE /* NearbyViewController.swift in Sources */,
				C9EEBFD5243FC6D5005EA785 /* RequestsViewController.swift in Sources */,
				86E5844B244684E6002E4BEC /* RelationshipsViewController.swift in Sources */,
				C9EEBFE6244173E4005EA785 /* ContactTableViewCell.swift in Sources */,
				C9EEBFDE2440EDD7005EA785 /* MutualConnectionTableViewCell.swift in Sources */,
				C9EEBFD8244049BB005EA785 /* PendingConnectionTableViewCell.swift in Sources */,
				86E5845B2447B681002E4BEC /* SettingsViewController.swift in Sources */,
				D6537700241C0A7600E283E2 /* ViewController.swift in Sources */,
				86E584472444F5D3002E4BEC /* ProfileViewController.swift in Sources */,
				86E5845D2447D7D0002E4BEC /* RelationshipTableViewCell.swift in Sources */,
				D65376FC241C0A7600E283E2 /* AppDelegate.swift in Sources */,
				D6537706241C0A7600E283E2 /* Connect.xcdatamodeld in Sources */,
				C9C28C7824450E0D00AB0911 /* MessagingViewController.swift in Sources */,
				86E584592447A56A002E4BEC /* RegisterViewController.swift in Sources */,
				C9C28C6A2445041A00AB0911 /* ConnectionsViewController.swift in Sources */,
				C9EEBFDA244049CB005EA785 /* PendingRelationshipTableViewCell.swift in Sources */,
				C9C28C7624450DF200AB0911 /* MessagingTableViewCell.swift in Sources */,
				86E584552447A3B6002E4BEC /* LoginViewController.swift in Sources */,
				C9A753ED2447FE3200A9F3DE /* CustomTabBarViewController.swift in Sources */,
				C9A753EF2448034A00A9F3DE /* CustomTabBar.swift in Sources */,
				38E589E4243FEC26000074DC /* EditProfileViewController.swift in Sources */,
				C9C28C6C2445043500AB0911 /* ConnectionTableViewCell.swift in Sources */,
				D65376FE241C0A7600E283E2 /* SceneDelegate.swift in Sources */,
			);
			runOnlyForDeploymentPostprocessing = 0;
		};
		D653770D241C0A7700E283E2 /* Sources */ = {
			isa = PBXSourcesBuildPhase;
			buildActionMask = 2147483647;
			files = (
				D6537716241C0A7700E283E2 /* ConnectTests.swift in Sources */,
			);
			runOnlyForDeploymentPostprocessing = 0;
		};
		D6537718241C0A7700E283E2 /* Sources */ = {
			isa = PBXSourcesBuildPhase;
			buildActionMask = 2147483647;
			files = (
				D6537721241C0A7700E283E2 /* ConnectUITests.swift in Sources */,
			);
			runOnlyForDeploymentPostprocessing = 0;
		};
/* End PBXSourcesBuildPhase section */

/* Begin PBXTargetDependency section */
		D6537713241C0A7700E283E2 /* PBXTargetDependency */ = {
			isa = PBXTargetDependency;
			target = D65376F7241C0A7600E283E2 /* Connect */;
			targetProxy = D6537712241C0A7700E283E2 /* PBXContainerItemProxy */;
		};
		D653771E241C0A7700E283E2 /* PBXTargetDependency */ = {
			isa = PBXTargetDependency;
			target = D65376F7241C0A7600E283E2 /* Connect */;
			targetProxy = D653771D241C0A7700E283E2 /* PBXContainerItemProxy */;
		};
/* End PBXTargetDependency section */

/* Begin PBXVariantGroup section */
		D6537701241C0A7600E283E2 /* Main.storyboard */ = {
			isa = PBXVariantGroup;
			children = (
				D6537702241C0A7600E283E2 /* Base */,
			);
			name = Main.storyboard;
			sourceTree = "<group>";
		};
		D6537709241C0A7700E283E2 /* LaunchScreen.storyboard */ = {
			isa = PBXVariantGroup;
			children = (
				D653770A241C0A7700E283E2 /* Base */,
			);
			name = LaunchScreen.storyboard;
			sourceTree = "<group>";
		};
/* End PBXVariantGroup section */

/* Begin XCBuildConfiguration section */
		D6537723241C0A7700E283E2 /* Debug */ = {
			isa = XCBuildConfiguration;
			buildSettings = {
				ALWAYS_SEARCH_USER_PATHS = NO;
				CLANG_ANALYZER_NONNULL = YES;
				CLANG_ANALYZER_NUMBER_OBJECT_CONVERSION = YES_AGGRESSIVE;
				CLANG_CXX_LANGUAGE_STANDARD = "gnu++14";
				CLANG_CXX_LIBRARY = "libc++";
				CLANG_ENABLE_MODULES = YES;
				CLANG_ENABLE_OBJC_ARC = YES;
				CLANG_ENABLE_OBJC_WEAK = YES;
				CLANG_WARN_BLOCK_CAPTURE_AUTORELEASING = YES;
				CLANG_WARN_BOOL_CONVERSION = YES;
				CLANG_WARN_COMMA = YES;
				CLANG_WARN_CONSTANT_CONVERSION = YES;
				CLANG_WARN_DEPRECATED_OBJC_IMPLEMENTATIONS = YES;
				CLANG_WARN_DIRECT_OBJC_ISA_USAGE = YES_ERROR;
				CLANG_WARN_DOCUMENTATION_COMMENTS = YES;
				CLANG_WARN_EMPTY_BODY = YES;
				CLANG_WARN_ENUM_CONVERSION = YES;
				CLANG_WARN_INFINITE_RECURSION = YES;
				CLANG_WARN_INT_CONVERSION = YES;
				CLANG_WARN_NON_LITERAL_NULL_CONVERSION = YES;
				CLANG_WARN_OBJC_IMPLICIT_RETAIN_SELF = YES;
				CLANG_WARN_OBJC_LITERAL_CONVERSION = YES;
				CLANG_WARN_OBJC_ROOT_CLASS = YES_ERROR;
				CLANG_WARN_RANGE_LOOP_ANALYSIS = YES;
				CLANG_WARN_STRICT_PROTOTYPES = YES;
				CLANG_WARN_SUSPICIOUS_MOVE = YES;
				CLANG_WARN_UNGUARDED_AVAILABILITY = YES_AGGRESSIVE;
				CLANG_WARN_UNREACHABLE_CODE = YES;
				CLANG_WARN__DUPLICATE_METHOD_MATCH = YES;
				COPY_PHASE_STRIP = NO;
				DEBUG_INFORMATION_FORMAT = dwarf;
				ENABLE_STRICT_OBJC_MSGSEND = YES;
				ENABLE_TESTABILITY = YES;
				GCC_C_LANGUAGE_STANDARD = gnu11;
				GCC_DYNAMIC_NO_PIC = NO;
				GCC_NO_COMMON_BLOCKS = YES;
				GCC_OPTIMIZATION_LEVEL = 0;
				GCC_PREPROCESSOR_DEFINITIONS = (
					"DEBUG=1",
					"$(inherited)",
				);
				GCC_WARN_64_TO_32_BIT_CONVERSION = YES;
				GCC_WARN_ABOUT_RETURN_TYPE = YES_ERROR;
				GCC_WARN_UNDECLARED_SELECTOR = YES;
				GCC_WARN_UNINITIALIZED_AUTOS = YES_AGGRESSIVE;
				GCC_WARN_UNUSED_FUNCTION = YES;
				GCC_WARN_UNUSED_VARIABLE = YES;
				IPHONEOS_DEPLOYMENT_TARGET = 13.2;
				MTL_ENABLE_DEBUG_INFO = INCLUDE_SOURCE;
				MTL_FAST_MATH = YES;
				ONLY_ACTIVE_ARCH = YES;
				SDKROOT = iphoneos;
				SWIFT_ACTIVE_COMPILATION_CONDITIONS = DEBUG;
				SWIFT_OPTIMIZATION_LEVEL = "-Onone";
			};
			name = Debug;
		};
		D6537724241C0A7700E283E2 /* Release */ = {
			isa = XCBuildConfiguration;
			buildSettings = {
				ALWAYS_SEARCH_USER_PATHS = NO;
				CLANG_ANALYZER_NONNULL = YES;
				CLANG_ANALYZER_NUMBER_OBJECT_CONVERSION = YES_AGGRESSIVE;
				CLANG_CXX_LANGUAGE_STANDARD = "gnu++14";
				CLANG_CXX_LIBRARY = "libc++";
				CLANG_ENABLE_MODULES = YES;
				CLANG_ENABLE_OBJC_ARC = YES;
				CLANG_ENABLE_OBJC_WEAK = YES;
				CLANG_WARN_BLOCK_CAPTURE_AUTORELEASING = YES;
				CLANG_WARN_BOOL_CONVERSION = YES;
				CLANG_WARN_COMMA = YES;
				CLANG_WARN_CONSTANT_CONVERSION = YES;
				CLANG_WARN_DEPRECATED_OBJC_IMPLEMENTATIONS = YES;
				CLANG_WARN_DIRECT_OBJC_ISA_USAGE = YES_ERROR;
				CLANG_WARN_DOCUMENTATION_COMMENTS = YES;
				CLANG_WARN_EMPTY_BODY = YES;
				CLANG_WARN_ENUM_CONVERSION = YES;
				CLANG_WARN_INFINITE_RECURSION = YES;
				CLANG_WARN_INT_CONVERSION = YES;
				CLANG_WARN_NON_LITERAL_NULL_CONVERSION = YES;
				CLANG_WARN_OBJC_IMPLICIT_RETAIN_SELF = YES;
				CLANG_WARN_OBJC_LITERAL_CONVERSION = YES;
				CLANG_WARN_OBJC_ROOT_CLASS = YES_ERROR;
				CLANG_WARN_RANGE_LOOP_ANALYSIS = YES;
				CLANG_WARN_STRICT_PROTOTYPES = YES;
				CLANG_WARN_SUSPICIOUS_MOVE = YES;
				CLANG_WARN_UNGUARDED_AVAILABILITY = YES_AGGRESSIVE;
				CLANG_WARN_UNREACHABLE_CODE = YES;
				CLANG_WARN__DUPLICATE_METHOD_MATCH = YES;
				COPY_PHASE_STRIP = NO;
				DEBUG_INFORMATION_FORMAT = "dwarf-with-dsym";
				ENABLE_NS_ASSERTIONS = NO;
				ENABLE_STRICT_OBJC_MSGSEND = YES;
				GCC_C_LANGUAGE_STANDARD = gnu11;
				GCC_NO_COMMON_BLOCKS = YES;
				GCC_WARN_64_TO_32_BIT_CONVERSION = YES;
				GCC_WARN_ABOUT_RETURN_TYPE = YES_ERROR;
				GCC_WARN_UNDECLARED_SELECTOR = YES;
				GCC_WARN_UNINITIALIZED_AUTOS = YES_AGGRESSIVE;
				GCC_WARN_UNUSED_FUNCTION = YES;
				GCC_WARN_UNUSED_VARIABLE = YES;
				IPHONEOS_DEPLOYMENT_TARGET = 13.2;
				MTL_ENABLE_DEBUG_INFO = NO;
				MTL_FAST_MATH = YES;
				SDKROOT = iphoneos;
				SWIFT_COMPILATION_MODE = wholemodule;
				SWIFT_OPTIMIZATION_LEVEL = "-O";
				VALIDATE_PRODUCT = YES;
			};
			name = Release;
		};
		D6537726241C0A7700E283E2 /* Debug */ = {
			isa = XCBuildConfiguration;
			baseConfigurationReference = A351EA6DE87A041797DE8EAF /* Pods-Connect.debug.xcconfig */;
			buildSettings = {
				ASSETCATALOG_COMPILER_APPICON_NAME = AppIcon;
				CODE_SIGN_STYLE = Automatic;
				INFOPLIST_FILE = Connect/Info.plist;
				LD_RUNPATH_SEARCH_PATHS = (
					"$(inherited)",
					"@executable_path/Frameworks",
				);
				PRODUCT_BUNDLE_IDENTIFIER = nvp293.Connect;
				PRODUCT_NAME = "$(TARGET_NAME)";
				SWIFT_VERSION = 5.0;
				TARGETED_DEVICE_FAMILY = "1,2";
			};
			name = Debug;
		};
		D6537727241C0A7700E283E2 /* Release */ = {
			isa = XCBuildConfiguration;
			baseConfigurationReference = B4BE1D2FE8A4C52539B38F35 /* Pods-Connect.release.xcconfig */;
			buildSettings = {
				ASSETCATALOG_COMPILER_APPICON_NAME = AppIcon;
				CODE_SIGN_STYLE = Automatic;
				INFOPLIST_FILE = Connect/Info.plist;
				LD_RUNPATH_SEARCH_PATHS = (
					"$(inherited)",
					"@executable_path/Frameworks",
				);
				PRODUCT_BUNDLE_IDENTIFIER = nvp293.Connect;
				PRODUCT_NAME = "$(TARGET_NAME)";
				SWIFT_VERSION = 5.0;
				TARGETED_DEVICE_FAMILY = "1,2";
			};
			name = Release;
		};
		D6537729241C0A7700E283E2 /* Debug */ = {
			isa = XCBuildConfiguration;
			baseConfigurationReference = CD8CC6FFBD4A36C1C7D611F4 /* Pods-ConnectTests.debug.xcconfig */;
			buildSettings = {
				ALWAYS_EMBED_SWIFT_STANDARD_LIBRARIES = YES;
				BUNDLE_LOADER = "$(TEST_HOST)";
				CODE_SIGN_STYLE = Automatic;
				INFOPLIST_FILE = ConnectTests/Info.plist;
				IPHONEOS_DEPLOYMENT_TARGET = 13.2;
				LD_RUNPATH_SEARCH_PATHS = (
					"$(inherited)",
					"@executable_path/Frameworks",
					"@loader_path/Frameworks",
				);
				PRODUCT_BUNDLE_IDENTIFIER = nvp293.ConnectTests;
				PRODUCT_NAME = "$(TARGET_NAME)";
				SWIFT_VERSION = 5.0;
				TARGETED_DEVICE_FAMILY = "1,2";
				TEST_HOST = "$(BUILT_PRODUCTS_DIR)/Connect.app/Connect";
			};
			name = Debug;
		};
		D653772A241C0A7700E283E2 /* Release */ = {
			isa = XCBuildConfiguration;
			baseConfigurationReference = 87BA50E7D805DA360A26E5D6 /* Pods-ConnectTests.release.xcconfig */;
			buildSettings = {
				ALWAYS_EMBED_SWIFT_STANDARD_LIBRARIES = YES;
				BUNDLE_LOADER = "$(TEST_HOST)";
				CODE_SIGN_STYLE = Automatic;
				INFOPLIST_FILE = ConnectTests/Info.plist;
				IPHONEOS_DEPLOYMENT_TARGET = 13.2;
				LD_RUNPATH_SEARCH_PATHS = (
					"$(inherited)",
					"@executable_path/Frameworks",
					"@loader_path/Frameworks",
				);
				PRODUCT_BUNDLE_IDENTIFIER = nvp293.ConnectTests;
				PRODUCT_NAME = "$(TARGET_NAME)";
				SWIFT_VERSION = 5.0;
				TARGETED_DEVICE_FAMILY = "1,2";
				TEST_HOST = "$(BUILT_PRODUCTS_DIR)/Connect.app/Connect";
			};
			name = Release;
		};
		D653772C241C0A7700E283E2 /* Debug */ = {
			isa = XCBuildConfiguration;
			baseConfigurationReference = 5FC0949F8A9D80511B5D1CEC /* Pods-Connect-ConnectUITests.debug.xcconfig */;
			buildSettings = {
				ALWAYS_EMBED_SWIFT_STANDARD_LIBRARIES = YES;
				CODE_SIGN_STYLE = Automatic;
				INFOPLIST_FILE = ConnectUITests/Info.plist;
				LD_RUNPATH_SEARCH_PATHS = (
					"$(inherited)",
					"@executable_path/Frameworks",
					"@loader_path/Frameworks",
				);
				PRODUCT_BUNDLE_IDENTIFIER = nvp293.ConnectUITests;
				PRODUCT_NAME = "$(TARGET_NAME)";
				SWIFT_VERSION = 5.0;
				TARGETED_DEVICE_FAMILY = "1,2";
				TEST_TARGET_NAME = Connect;
			};
			name = Debug;
		};
		D653772D241C0A7700E283E2 /* Release */ = {
			isa = XCBuildConfiguration;
			baseConfigurationReference = 66FAC9E124CFD99F5EE82BEF /* Pods-Connect-ConnectUITests.release.xcconfig */;
			buildSettings = {
				ALWAYS_EMBED_SWIFT_STANDARD_LIBRARIES = YES;
				CODE_SIGN_STYLE = Automatic;
				INFOPLIST_FILE = ConnectUITests/Info.plist;
				LD_RUNPATH_SEARCH_PATHS = (
					"$(inherited)",
					"@executable_path/Frameworks",
					"@loader_path/Frameworks",
				);
				PRODUCT_BUNDLE_IDENTIFIER = nvp293.ConnectUITests;
				PRODUCT_NAME = "$(TARGET_NAME)";
				SWIFT_VERSION = 5.0;
				TARGETED_DEVICE_FAMILY = "1,2";
				TEST_TARGET_NAME = Connect;
			};
			name = Release;
		};
/* End XCBuildConfiguration section */

/* Begin XCConfigurationList section */
		D65376F3241C0A7600E283E2 /* Build configuration list for PBXProject "Connect" */ = {
			isa = XCConfigurationList;
			buildConfigurations = (
				D6537723241C0A7700E283E2 /* Debug */,
				D6537724241C0A7700E283E2 /* Release */,
			);
			defaultConfigurationIsVisible = 0;
			defaultConfigurationName = Release;
		};
		D6537725241C0A7700E283E2 /* Build configuration list for PBXNativeTarget "Connect" */ = {
			isa = XCConfigurationList;
			buildConfigurations = (
				D6537726241C0A7700E283E2 /* Debug */,
				D6537727241C0A7700E283E2 /* Release */,
			);
			defaultConfigurationIsVisible = 0;
			defaultConfigurationName = Release;
		};
		D6537728241C0A7700E283E2 /* Build configuration list for PBXNativeTarget "ConnectTests" */ = {
			isa = XCConfigurationList;
			buildConfigurations = (
				D6537729241C0A7700E283E2 /* Debug */,
				D653772A241C0A7700E283E2 /* Release */,
			);
			defaultConfigurationIsVisible = 0;
			defaultConfigurationName = Release;
		};
		D653772B241C0A7700E283E2 /* Build configuration list for PBXNativeTarget "ConnectUITests" */ = {
			isa = XCConfigurationList;
			buildConfigurations = (
				D653772C241C0A7700E283E2 /* Debug */,
				D653772D241C0A7700E283E2 /* Release */,
			);
			defaultConfigurationIsVisible = 0;
			defaultConfigurationName = Release;
		};
/* End XCConfigurationList section */

/* Begin XCVersionGroup section */
		D6537704241C0A7600E283E2 /* Connect.xcdatamodeld */ = {
			isa = XCVersionGroup;
			children = (
				D6537705241C0A7600E283E2 /* Connect.xcdatamodel */,
			);
			currentVersion = D6537705241C0A7600E283E2 /* Connect.xcdatamodel */;
			path = Connect.xcdatamodeld;
			sourceTree = "<group>";
			versionGroupType = wrapper.xcdatamodel;
		};
/* End XCVersionGroup section */
	};
	rootObject = D65376F0241C0A7600E283E2 /* Project object */;
}
